
Microsoft Visual Studio Solution File, Format Version 12.00
# Visual Studio 15
VisualStudioVersion = 15.0.28010.2050
MinimumVisualStudioVersion = 10.0.40219.1
Project("{FAE04EC0-301F-11D3-BF4B-00C04F79EFBC}") = "EFCore", "EFCore\EFCore.csproj", "{DB0121F7-347F-4DF8-A5EF-8B5452926326}"
EndProject
Global
	GlobalSection(SolutionConfigurationPlatforms) = preSolution
		Debug|Any CPU = Debug|Any CPU
		Release|Any CPU = Release|Any CPU
	EndGlobalSection
	GlobalSection(ProjectConfigurationPlatforms) = postSolution
		{DB0121F7-347F-4DF8-A5EF-8B5452926326}.Debug|Any CPU.ActiveCfg = Debug|Any CPU
		{DB0121F7-347F-4DF8-A5EF-8B5452926326}.Debug|Any CPU.Build.0 = Debug|Any CPU
		{DB0121F7-347F-4DF8-A5EF-8B5452926326}.Release|Any CPU.ActiveCfg = Release|Any CPU
		{DB0121F7-347F-4DF8-A5EF-8B5452926326}.Release|Any CPU.Build.0 = Release|Any CPU
	EndGlobalSection
	GlobalSection(SolutionProperties) = preSolution
		HideSolutionNode = FALSE
	EndGlobalSection
	GlobalSection(ExtensibilityGlobals) = postSolution
		SolutionGuid = {57C9E486-5BE3-4744-A0B6-82BBF694FC17}
	EndGlobalSection
EndGlobal
